
Microsoft Visual Studio Solution File, Format Version 12.00
# Visual Studio Version 17
VisualStudioVersion = 17.1.32407.343
MinimumVisualStudioVersion = 10.0.40219.1
Project("{9A19103F-16F7-4668-BE54-9A1E7A4F7556}") = "Skua.Core", "Skua.Core\Skua.Core.csproj", "{6C5FB35E-68B8-4C18-B86B-80D566DA0C24}"
EndProject
Project("{9A19103F-16F7-4668-BE54-9A1E7A4F7556}") = "Skua.App.WPF", "Skua.App.WPF\Skua.App.WPF.csproj", "{143D3155-93D5-478D-A3BB-D7D1CC9250C3}"
EndProject
Project("{9A19103F-16F7-4668-BE54-9A1E7A4F7556}") = "Skua.Manager", "Skua.Manager\Skua.Manager.csproj", "{9F731FCB-2047-46C5-BD7A-F747C7B44AD0}"
EndProject
Project("{9A19103F-16F7-4668-BE54-9A1E7A4F7556}") = "Skua.Updater", "Skua.Updater\Skua.Updater.csproj", "{554CE0FA-9621-4C01-9766-3682C92374E7}"
EndProject
Project("{2150E333-8FDC-42A3-9474-1A3956D46DE8}") = "Solution Items", "Solution Items", "{9A7498C0-7D91-4C14-882C-2E9D58AD7270}"
	ProjectSection(SolutionItems) = preProject
		.editorconfig = .editorconfig
	EndProjectSection
EndProject
Project("{9A19103F-16F7-4668-BE54-9A1E7A4F7556}") = "Skua.WPF", "Skua.WPF\Skua.WPF.csproj", "{C0E421FC-B05A-421C-8CB2-8E4DB225FAA7}"
EndProject
Project("{9A19103F-16F7-4668-BE54-9A1E7A4F7556}") = "Skua.Core.Interfaces", "Skua.Core.Interfaces\Skua.Core.Interfaces.csproj", "{AC7BF025-419A-49EC-BD68-D17440EA7931}"
EndProject
Project("{9A19103F-16F7-4668-BE54-9A1E7A4F7556}") = "Skua.Core.Models", "Skua.Core.Models\Skua.Core.Models.csproj", "{D883487A-7D7A-4557-A23A-CFF9C6807563}"
EndProject
Project("{9A19103F-16F7-4668-BE54-9A1E7A4F7556}") = "Skua.Core.Utils", "Skua.Core.Utils\Skua.Core.Utils.csproj", "{574CC213-B45A-443F-85BB-B45FAE1F5058}"
EndProject
Project("{9A19103F-16F7-4668-BE54-9A1E7A4F7556}") = "Skua.Core.Generators", "Skua.Core.Generators\Skua.Core.Generators.csproj", "{079E4ADF-5873-4EE2-BE14-FFCF933DB7BB}"
EndProject
Project("{9A19103F-16F7-4668-BE54-9A1E7A4F7556}") = "Skua.App.WPF.Lite", "Skua.App.WPF.Lite\Skua.App.WPF.Lite.csproj", "{EBCD8634-576F-4325-BDFE-828DF7ED5206}"
EndProject
Project("{930C7802-8A8C-48F9-8165-68863BCCD9DD}") = "Skua.Installer", "Skua.Installer\Skua.Installer.wixproj", "{83AB2857-FE3F-477D-A0F7-F0F4BDBB30CA}"
EndProject
Project("{9A19103F-16F7-4668-BE54-9A1E7A4F7556}") = "Skua.AS3", "Skua.AS3\Skua.AS3.csproj", "{F6CC3B62-EEDC-421D-BA52-831C6A625762}"
EndProject
Project("{930C7802-8A8C-48F9-8165-68863BCCD9DD}") = "Skua.Installer.Dependencies", "Skua.Installer.Dependencies\Skua.Installer.Dependencies.wixproj", "{A6B269C9-13A3-43B6-AAEF-B0B5BA681EA4}"
EndProject
Global
	GlobalSection(SolutionConfigurationPlatforms) = preSolution
		Debug|Any CPU = Debug|Any CPU
		Debug|x64 = Debug|x64
		Debug|x86 = Debug|x86
		Release|Any CPU = Release|Any CPU
		Release|x64 = Release|x64
		Release|x86 = Release|x86
	EndGlobalSection
	GlobalSection(ProjectConfigurationPlatforms) = postSolution
		{6C5FB35E-68B8-4C18-B86B-80D566DA0C24}.Debug|Any CPU.ActiveCfg = Debug|Any CPU
		{6C5FB35E-68B8-4C18-B86B-80D566DA0C24}.Debug|Any CPU.Build.0 = Debug|Any CPU
		{6C5FB35E-68B8-4C18-B86B-80D566DA0C24}.Debug|x64.ActiveCfg = Debug|x64
		{6C5FB35E-68B8-4C18-B86B-80D566DA0C24}.Debug|x64.Build.0 = Debug|x64
		{6C5FB35E-68B8-4C18-B86B-80D566DA0C24}.Debug|x86.ActiveCfg = Debug|x86
		{6C5FB35E-68B8-4C18-B86B-80D566DA0C24}.Debug|x86.Build.0 = Debug|x86
		{6C5FB35E-68B8-4C18-B86B-80D566DA0C24}.Release|Any CPU.ActiveCfg = Release|Any CPU
		{6C5FB35E-68B8-4C18-B86B-80D566DA0C24}.Release|Any CPU.Build.0 = Release|Any CPU
		{6C5FB35E-68B8-4C18-B86B-80D566DA0C24}.Release|x64.ActiveCfg = Release|x64
		{6C5FB35E-68B8-4C18-B86B-80D566DA0C24}.Release|x64.Build.0 = Release|x64
		{6C5FB35E-68B8-4C18-B86B-80D566DA0C24}.Release|x86.ActiveCfg = Release|Any CPU
		{6C5FB35E-68B8-4C18-B86B-80D566DA0C24}.Release|x86.Build.0 = Release|Any CPU
		{143D3155-93D5-478D-A3BB-D7D1CC9250C3}.Debug|Any CPU.ActiveCfg = Debug|Any CPU
		{143D3155-93D5-478D-A3BB-D7D1CC9250C3}.Debug|Any CPU.Build.0 = Debug|Any CPU
		{143D3155-93D5-478D-A3BB-D7D1CC9250C3}.Debug|x64.ActiveCfg = Debug|x64
		{143D3155-93D5-478D-A3BB-D7D1CC9250C3}.Debug|x64.Build.0 = Debug|x64
		{143D3155-93D5-478D-A3BB-D7D1CC9250C3}.Debug|x86.ActiveCfg = Debug|x86
		{143D3155-93D5-478D-A3BB-D7D1CC9250C3}.Debug|x86.Build.0 = Debug|x86
		{143D3155-93D5-478D-A3BB-D7D1CC9250C3}.Release|Any CPU.ActiveCfg = Release|Any CPU
		{143D3155-93D5-478D-A3BB-D7D1CC9250C3}.Release|Any CPU.Build.0 = Release|Any CPU
		{143D3155-93D5-478D-A3BB-D7D1CC9250C3}.Release|x64.ActiveCfg = Release|x64
		{143D3155-93D5-478D-A3BB-D7D1CC9250C3}.Release|x64.Build.0 = Release|x64
		{143D3155-93D5-478D-A3BB-D7D1CC9250C3}.Release|x86.ActiveCfg = Release|x86
		{143D3155-93D5-478D-A3BB-D7D1CC9250C3}.Release|x86.Build.0 = Release|x86
		{9F731FCB-2047-46C5-BD7A-F747C7B44AD0}.Debug|Any CPU.ActiveCfg = Debug|Any CPU
		{9F731FCB-2047-46C5-BD7A-F747C7B44AD0}.Debug|Any CPU.Build.0 = Debug|Any CPU
		{9F731FCB-2047-46C5-BD7A-F747C7B44AD0}.Debug|x64.ActiveCfg = Debug|x64
		{9F731FCB-2047-46C5-BD7A-F747C7B44AD0}.Debug|x86.ActiveCfg = Debug|Any CPU
		{9F731FCB-2047-46C5-BD7A-F747C7B44AD0}.Release|Any CPU.ActiveCfg = Release|Any CPU
		{9F731FCB-2047-46C5-BD7A-F747C7B44AD0}.Release|Any CPU.Build.0 = Release|Any CPU
		{9F731FCB-2047-46C5-BD7A-F747C7B44AD0}.Release|x64.ActiveCfg = Release|x64
		{9F731FCB-2047-46C5-BD7A-F747C7B44AD0}.Release|x86.ActiveCfg = Release|Any CPU
		{554CE0FA-9621-4C01-9766-3682C92374E7}.Debug|Any CPU.ActiveCfg = Debug|Any CPU
		{554CE0FA-9621-4C01-9766-3682C92374E7}.Debug|Any CPU.Build.0 = Debug|Any CPU
		{554CE0FA-9621-4C01-9766-3682C92374E7}.Debug|x64.ActiveCfg = Debug|x64
		{554CE0FA-9621-4C01-9766-3682C92374E7}.Debug|x86.ActiveCfg = Debug|Any CPU
		{554CE0FA-9621-4C01-9766-3682C92374E7}.Release|Any CPU.ActiveCfg = Release|Any CPU
		{554CE0FA-9621-4C01-9766-3682C92374E7}.Release|Any CPU.Build.0 = Release|Any CPU
		{554CE0FA-9621-4C01-9766-3682C92374E7}.Release|x64.ActiveCfg = Release|x64
		{554CE0FA-9621-4C01-9766-3682C92374E7}.Release|x86.ActiveCfg = Release|Any CPU
		{C0E421FC-B05A-421C-8CB2-8E4DB225FAA7}.Debug|Any CPU.ActiveCfg = Debug|Any CPU
		{C0E421FC-B05A-421C-8CB2-8E4DB225FAA7}.Debug|Any CPU.Build.0 = Debug|Any CPU
		{C0E421FC-B05A-421C-8CB2-8E4DB225FAA7}.Debug|x64.ActiveCfg = Debug|x64
		{C0E421FC-B05A-421C-8CB2-8E4DB225FAA7}.Debug|x64.Build.0 = Debug|x64
		{C0E421FC-B05A-421C-8CB2-8E4DB225FAA7}.Debug|x86.ActiveCfg = Debug|x86
		{C0E421FC-B05A-421C-8CB2-8E4DB225FAA7}.Debug|x86.Build.0 = Debug|x86
		{C0E421FC-B05A-421C-8CB2-8E4DB225FAA7}.Release|Any CPU.ActiveCfg = Release|Any CPU
		{C0E421FC-B05A-421C-8CB2-8E4DB225FAA7}.Release|Any CPU.Build.0 = Release|Any CPU
		{C0E421FC-B05A-421C-8CB2-8E4DB225FAA7}.Release|x64.ActiveCfg = Release|x64
		{C0E421FC-B05A-421C-8CB2-8E4DB225FAA7}.Release|x64.Build.0 = Release|x64
		{C0E421FC-B05A-421C-8CB2-8E4DB225FAA7}.Release|x86.ActiveCfg = Release|x86
		{C0E421FC-B05A-421C-8CB2-8E4DB225FAA7}.Release|x86.Build.0 = Release|x86
		{AC7BF025-419A-49EC-BD68-D17440EA7931}.Debug|Any CPU.ActiveCfg = Debug|Any CPU
		{AC7BF025-419A-49EC-BD68-D17440EA7931}.Debug|Any CPU.Build.0 = Debug|Any CPU
		{AC7BF025-419A-49EC-BD68-D17440EA7931}.Debug|x64.ActiveCfg = Debug|x64
		{AC7BF025-419A-49EC-BD68-D17440EA7931}.Debug|x64.Build.0 = Debug|x64
		{AC7BF025-419A-49EC-BD68-D17440EA7931}.Debug|x86.ActiveCfg = Debug|x86
		{AC7BF025-419A-49EC-BD68-D17440EA7931}.Debug|x86.Build.0 = Debug|x86
		{AC7BF025-419A-49EC-BD68-D17440EA7931}.Release|Any CPU.ActiveCfg = Release|Any CPU
		{AC7BF025-419A-49EC-BD68-D17440EA7931}.Release|Any CPU.Build.0 = Release|Any CPU
		{AC7BF025-419A-49EC-BD68-D17440EA7931}.Release|x64.ActiveCfg = Release|x64
		{AC7BF025-419A-49EC-BD68-D17440EA7931}.Release|x64.Build.0 = Release|x64
		{AC7BF025-419A-49EC-BD68-D17440EA7931}.Release|x86.ActiveCfg = Release|x86
		{AC7BF025-419A-49EC-BD68-D17440EA7931}.Release|x86.Build.0 = Release|x86
		{D883487A-7D7A-4557-A23A-CFF9C6807563}.Debug|Any CPU.ActiveCfg = Debug|Any CPU
		{D883487A-7D7A-4557-A23A-CFF9C6807563}.Debug|Any CPU.Build.0 = Debug|Any CPU
		{D883487A-7D7A-4557-A23A-CFF9C6807563}.Debug|x64.ActiveCfg = Debug|x64
		{D883487A-7D7A-4557-A23A-CFF9C6807563}.Debug|x64.Build.0 = Debug|x64
		{D883487A-7D7A-4557-A23A-CFF9C6807563}.Debug|x86.ActiveCfg = Debug|x86
		{D883487A-7D7A-4557-A23A-CFF9C6807563}.Debug|x86.Build.0 = Debug|x86
		{D883487A-7D7A-4557-A23A-CFF9C6807563}.Release|Any CPU.ActiveCfg = Release|Any CPU
		{D883487A-7D7A-4557-A23A-CFF9C6807563}.Release|Any CPU.Build.0 = Release|Any CPU
		{D883487A-7D7A-4557-A23A-CFF9C6807563}.Release|x64.ActiveCfg = Release|x64
		{D883487A-7D7A-4557-A23A-CFF9C6807563}.Release|x64.Build.0 = Release|x64
		{D883487A-7D7A-4557-A23A-CFF9C6807563}.Release|x86.ActiveCfg = Release|x86
		{D883487A-7D7A-4557-A23A-CFF9C6807563}.Release|x86.Build.0 = Release|x86
		{574CC213-B45A-443F-85BB-B45FAE1F5058}.Debug|Any CPU.ActiveCfg = Debug|Any CPU
		{574CC213-B45A-443F-85BB-B45FAE1F5058}.Debug|Any CPU.Build.0 = Debug|Any CPU
		{574CC213-B45A-443F-85BB-B45FAE1F5058}.Debug|x64.ActiveCfg = Debug|x64
		{574CC213-B45A-443F-85BB-B45FAE1F5058}.Debug|x64.Build.0 = Debug|x64
		{574CC213-B45A-443F-85BB-B45FAE1F5058}.Debug|x86.ActiveCfg = Debug|x86
		{574CC213-B45A-443F-85BB-B45FAE1F5058}.Debug|x86.Build.0 = Debug|x86
		{574CC213-B45A-443F-85BB-B45FAE1F5058}.Release|Any CPU.ActiveCfg = Release|Any CPU
		{574CC213-B45A-443F-85BB-B45FAE1F5058}.Release|Any CPU.Build.0 = Release|Any CPU
		{574CC213-B45A-443F-85BB-B45FAE1F5058}.Release|x64.ActiveCfg = Release|x64
		{574CC213-B45A-443F-85BB-B45FAE1F5058}.Release|x64.Build.0 = Release|x64
		{574CC213-B45A-443F-85BB-B45FAE1F5058}.Release|x86.ActiveCfg = Release|Any CPU
		{574CC213-B45A-443F-85BB-B45FAE1F5058}.Release|x86.Build.0 = Release|Any CPU
		{079E4ADF-5873-4EE2-BE14-FFCF933DB7BB}.Debug|Any CPU.ActiveCfg = Debug|Any CPU
		{079E4ADF-5873-4EE2-BE14-FFCF933DB7BB}.Debug|Any CPU.Build.0 = Debug|Any CPU
		{079E4ADF-5873-4EE2-BE14-FFCF933DB7BB}.Debug|x64.ActiveCfg = Debug|x64
		{079E4ADF-5873-4EE2-BE14-FFCF933DB7BB}.Debug|x86.ActiveCfg = Debug|x86
		{079E4ADF-5873-4EE2-BE14-FFCF933DB7BB}.Release|Any CPU.ActiveCfg = Release|Any CPU
		{079E4ADF-5873-4EE2-BE14-FFCF933DB7BB}.Release|Any CPU.Build.0 = Release|Any CPU
		{079E4ADF-5873-4EE2-BE14-FFCF933DB7BB}.Release|x64.ActiveCfg = Release|x64
		{079E4ADF-5873-4EE2-BE14-FFCF933DB7BB}.Release|x64.Build.0 = Release|x64
		{079E4ADF-5873-4EE2-BE14-FFCF933DB7BB}.Release|x86.ActiveCfg = Release|Any CPU
		{079E4ADF-5873-4EE2-BE14-FFCF933DB7BB}.Release|x86.Build.0 = Release|Any CPU
		{EBCD8634-576F-4325-BDFE-828DF7ED5206}.Debug|Any CPU.ActiveCfg = Debug|Any CPU
		{EBCD8634-576F-4325-BDFE-828DF7ED5206}.Debug|Any CPU.Build.0 = Debug|Any CPU
		{EBCD8634-576F-4325-BDFE-828DF7ED5206}.Debug|x64.ActiveCfg = Debug|x64
		{EBCD8634-576F-4325-BDFE-828DF7ED5206}.Debug|x86.ActiveCfg = Debug|x86
		{EBCD8634-576F-4325-BDFE-828DF7ED5206}.Release|Any CPU.ActiveCfg = Release|Any CPU
		{EBCD8634-576F-4325-BDFE-828DF7ED5206}.Release|Any CPU.Build.0 = Release|Any CPU
		{EBCD8634-576F-4325-BDFE-828DF7ED5206}.Release|x64.ActiveCfg = Release|x64
		{EBCD8634-576F-4325-BDFE-828DF7ED5206}.Release|x86.ActiveCfg = Release|x86
		{83AB2857-FE3F-477D-A0F7-F0F4BDBB30CA}.Debug|Any CPU.ActiveCfg = Debug|x86
		{83AB2857-FE3F-477D-A0F7-F0F4BDBB30CA}.Debug|Any CPU.Build.0 = Debug|x86
		{83AB2857-FE3F-477D-A0F7-F0F4BDBB30CA}.Debug|x64.ActiveCfg = Debug|x64
		{83AB2857-FE3F-477D-A0F7-F0F4BDBB30CA}.Debug|x86.ActiveCfg = Debug|x86
		{83AB2857-FE3F-477D-A0F7-F0F4BDBB30CA}.Release|Any CPU.ActiveCfg = Release|x86
		{83AB2857-FE3F-477D-A0F7-F0F4BDBB30CA}.Release|Any CPU.Build.0 = Release|x86
		{83AB2857-FE3F-477D-A0F7-F0F4BDBB30CA}.Release|x64.ActiveCfg = Release|x64
		{83AB2857-FE3F-477D-A0F7-F0F4BDBB30CA}.Release|x86.ActiveCfg = Release|x86
		{F6CC3B62-EEDC-421D-BA52-831C6A625762}.Debug|Any CPU.ActiveCfg = Debug|Any CPU
		{F6CC3B62-EEDC-421D-BA52-831C6A625762}.Debug|Any CPU.Build.0 = Debug|Any CPU
		{F6CC3B62-EEDC-421D-BA52-831C6A625762}.Debug|x64.ActiveCfg = Debug|Any CPU
		{F6CC3B62-EEDC-421D-BA52-831C6A625762}.Debug|x86.ActiveCfg = Debug|Any CPU
		{F6CC3B62-EEDC-421D-BA52-831C6A625762}.Release|Any CPU.ActiveCfg = Release|Any CPU
		{F6CC3B62-EEDC-421D-BA52-831C6A625762}.Release|Any CPU.Build.0 = Release|Any CPU
		{F6CC3B62-EEDC-421D-BA52-831C6A625762}.Release|x64.ActiveCfg = Release|Any CPU
		{F6CC3B62-EEDC-421D-BA52-831C6A625762}.Release|x86.ActiveCfg = Release|Any CPU
		{A6B269C9-13A3-43B6-AAEF-B0B5BA681EA4}.Debug|Any CPU.ActiveCfg = Debug|x64
		{A6B269C9-13A3-43B6-AAEF-B0B5BA681EA4}.Debug|Any CPU.Build.0 = Debug|x64
		{A6B269C9-13A3-43B6-AAEF-B0B5BA681EA4}.Debug|x64.ActiveCfg = Debug|x64
		{A6B269C9-13A3-43B6-AAEF-B0B5BA681EA4}.Debug|x64.Build.0 = Debug|x64
		{A6B269C9-13A3-43B6-AAEF-B0B5BA681EA4}.Debug|x86.ActiveCfg = Debug|x86
		{A6B269C9-13A3-43B6-AAEF-B0B5BA681EA4}.Debug|x86.Build.0 = Debug|x86
		{A6B269C9-13A3-43B6-AAEF-B0B5BA681EA4}.Release|Any CPU.ActiveCfg = Release|x64
		{A6B269C9-13A3-43B6-AAEF-B0B5BA681EA4}.Release|Any CPU.Build.0 = Release|x64
		{A6B269C9-13A3-43B6-AAEF-B0B5BA681EA4}.Release|x64.ActiveCfg = Release|x64
		{A6B269C9-13A3-43B6-AAEF-B0B5BA681EA4}.Release|x86.ActiveCfg = Release|x86
	EndGlobalSection
	GlobalSection(SolutionProperties) = preSolution
		HideSolutionNode = FALSE
	EndGlobalSection
	GlobalSection(ExtensibilityGlobals) = postSolution
		SolutionGuid = {B3E8E0B1-4784-402F-AC8A-B4E6A5269A10}
	EndGlobalSection
EndGlobal
